{
  "pins" : [
    {
      "identity" : "ios-workspaceone-sdk",
      "kind" : "remoteSourceControl",
      "location" : "https://github.com/vmwareairwatchsdk/iOS-WorkspaceONE-SDK",
      "state" : {
        "revision" : "d0d7c35d6cd0c43c51684f9ca0fa6febef821066",
        "version" : "22.7.0"
      }
    }
  ],
  "version" : 2
}
