{
  "originHash" : "61d410919d93477d452ba66c9ba380c903e8ecf157498a0ab56ae4660ea05e9b",
  "pins" : [
    {
      "identity" : "ios-workspaceone-sdk",
      "kind" : "remoteSourceControl",
      "location" : "https://github.com/euc-releases/iOS-WorkspaceONE-SDK",
      "state" : {
        "revision" : "a0a2ff6f19c8a81f7bd7b83340e9b5d953ddb810",
        "version" : "25.11.0"
      }
    },
    {
      "identity" : "ws1-crypto-sdk",
      "kind" : "remoteSourceControl",
      "location" : "https://github.com/euc-releases/ws1-crypto-sdk.git",
      "state" : {
        "revision" : "04b73f9b30ae0868fe5cbe30def0510c58771d04",
        "version" : "25.6.0"
      }
    }
  ],
  "version" : 3
}
