{
  "pins" : [
    {
      "identity" : "ios-workspaceone-sdk",
      "kind" : "remoteSourceControl",
      "location" : "https://github.com/vmwareairwatchsdk/iOS-WorkspaceONE-SDK.git",
      "state" : {
        "revision" : "b9803373852af9f9d7187492bc1f3c728be67921",
        "version" : "23.12.0"
      }
    }
  ],
  "version" : 2
}
