
Microsoft Visual Studio Solution File, Format Version 12.00
# Visual Studio Version 16
VisualStudioVersion = 16.0.810.7
MinimumVisualStudioVersion = 10.0.40219.1
Project("{FAE04EC0-301F-11D3-BF4B-00C04F79EFBC}") = "XamarinAndroidSampleApp", "XamarinAndroidSampleApp\XamarinAndroidSampleApp.csproj", "{F70112C5-D91E-4303-B0B4-22E506075177}"
EndProject
Global
	GlobalSection(SolutionConfigurationPlatforms) = preSolution
		Debug|Any CPU = Debug|Any CPU
		Release|Any CPU = Release|Any CPU
	EndGlobalSection
	GlobalSection(ProjectConfigurationPlatforms) = postSolution
		{F70112C5-D91E-4303-B0B4-22E506075177}.Debug|Any CPU.ActiveCfg = Debug|Any CPU
		{F70112C5-D91E-4303-B0B4-22E506075177}.Debug|Any CPU.Build.0 = Debug|Any CPU
		{F70112C5-D91E-4303-B0B4-22E506075177}.Release|Any CPU.ActiveCfg = Release|Any CPU
		{F70112C5-D91E-4303-B0B4-22E506075177}.Release|Any CPU.Build.0 = Release|Any CPU
	EndGlobalSection
	GlobalSection(SolutionProperties) = preSolution
		HideSolutionNode = FALSE
	EndGlobalSection
	GlobalSection(ExtensibilityGlobals) = postSolution
		SolutionGuid = {B0F0C3EF-9DBA-4D58-87CD-0478194A5B3D}
	EndGlobalSection
EndGlobal
