{
  "pins" : [
    {
      "identity" : "ios-workspaceone-sdk",
      "kind" : "remoteSourceControl",
      "location" : "https://github.com/vmwareairwatchsdk/iOS-WorkspaceONE-SDK",
      "state" : {
        "revision" : "3f211bb7cd00dbb87acc54cb13ec041bcaa314fc",
        "version" : "23.9.1"
      }
    }
  ],
  "version" : 2
}
